
Microsoft Visual Studio Solution File, Format Version 12.00
# Visual Studio Version 17
VisualStudioVersion = 17.9.34622.214
MinimumVisualStudioVersion = 10.0.40219.1
Project("{9A19103F-16F7-4668-BE54-9A1E7A4F7556}") = "FastSearchUI", "FastSearchUI\FastSearchUI.csproj", "{E2BEE580-200D-4E68-BBBD-2AC594E2B46C}"
EndProject
Project("{54435603-DBB4-11D2-8724-00A0C9A8B90C}") = "FastSearchSetup", "FastSearchSetup\FastSearchSetup.vdproj", "{B03B9C0A-48CA-4661-B880-12EB05195AD8}"
EndProject
Global
	GlobalSection(SolutionConfigurationPlatforms) = preSolution
		Debug|Any CPU = Debug|Any CPU
		Release|Any CPU = Release|Any CPU
	EndGlobalSection
	GlobalSection(ProjectConfigurationPlatforms) = postSolution
		{E2BEE580-200D-4E68-BBBD-2AC594E2B46C}.Debug|Any CPU.ActiveCfg = Debug|Any CPU
		{E2BEE580-200D-4E68-BBBD-2AC594E2B46C}.Debug|Any CPU.Build.0 = Debug|Any CPU
		{E2BEE580-200D-4E68-BBBD-2AC594E2B46C}.Release|Any CPU.ActiveCfg = Release|Any CPU
		{E2BEE580-200D-4E68-BBBD-2AC594E2B46C}.Release|Any CPU.Build.0 = Release|Any CPU
		{B03B9C0A-48CA-4661-B880-12EB05195AD8}.Debug|Any CPU.ActiveCfg = Debug
		{B03B9C0A-48CA-4661-B880-12EB05195AD8}.Release|Any CPU.ActiveCfg = Release
	EndGlobalSection
	GlobalSection(SolutionProperties) = preSolution
		HideSolutionNode = FALSE
	EndGlobalSection
	GlobalSection(ExtensibilityGlobals) = postSolution
		SolutionGuid = {9381F052-037E-44B6-8052-78F8E04C311F}
	EndGlobalSection
EndGlobal
